
Microsoft Visual Studio Solution File, Format Version 12.00
# Visual Studio Version 16
VisualStudioVersion = 16.0.30523.141
MinimumVisualStudioVersion = 10.0.40219.1
Project("{9A19103F-16F7-4668-BE54-9A1E7A4F7556}") = "YouBikeProject", "YouBikeProject\YouBikeProject.csproj", "{1D58CF77-4900-4669-BB34-6041121377FA}"
EndProject
Project("{9A19103F-16F7-4668-BE54-9A1E7A4F7556}") = "YouBikeProject.Tests", "YouBikeProject.Tests\YouBikeProject.Tests.csproj", "{B425860B-98BA-4EBA-9CDD-3182A9341367}"
EndProject
Project("{9092AA53-FB77-4645-B42D-1CCCA6BD08BD}") = "YoubikeProject.Web", "YoubikeProject.Web\YoubikeProject.Web.njsproj", "{0B5A1004-2DED-4C5C-8B54-299376007EE1}"
EndProject
Global
	GlobalSection(SolutionConfigurationPlatforms) = preSolution
		Debug|Any CPU = Debug|Any CPU
		Release|Any CPU = Release|Any CPU
	EndGlobalSection
	GlobalSection(ProjectConfigurationPlatforms) = postSolution
		{1D58CF77-4900-4669-BB34-6041121377FA}.Debug|Any CPU.ActiveCfg = Debug|Any CPU
		{1D58CF77-4900-4669-BB34-6041121377FA}.Debug|Any CPU.Build.0 = Debug|Any CPU
		{1D58CF77-4900-4669-BB34-6041121377FA}.Release|Any CPU.ActiveCfg = Release|Any CPU
		{1D58CF77-4900-4669-BB34-6041121377FA}.Release|Any CPU.Build.0 = Release|Any CPU
		{B425860B-98BA-4EBA-9CDD-3182A9341367}.Debug|Any CPU.ActiveCfg = Debug|Any CPU
		{B425860B-98BA-4EBA-9CDD-3182A9341367}.Debug|Any CPU.Build.0 = Debug|Any CPU
		{B425860B-98BA-4EBA-9CDD-3182A9341367}.Release|Any CPU.ActiveCfg = Release|Any CPU
		{B425860B-98BA-4EBA-9CDD-3182A9341367}.Release|Any CPU.Build.0 = Release|Any CPU
		{0B5A1004-2DED-4C5C-8B54-299376007EE1}.Debug|Any CPU.ActiveCfg = Debug|Any CPU
		{0B5A1004-2DED-4C5C-8B54-299376007EE1}.Debug|Any CPU.Build.0 = Debug|Any CPU
		{0B5A1004-2DED-4C5C-8B54-299376007EE1}.Release|Any CPU.ActiveCfg = Release|Any CPU
		{0B5A1004-2DED-4C5C-8B54-299376007EE1}.Release|Any CPU.Build.0 = Release|Any CPU
	EndGlobalSection
	GlobalSection(SolutionProperties) = preSolution
		HideSolutionNode = FALSE
	EndGlobalSection
	GlobalSection(ExtensibilityGlobals) = postSolution
		SolutionGuid = {3FFEDD76-960D-4125-AABE-56FAC597D76E}
	EndGlobalSection
EndGlobal
